
Microsoft Visual Studio Solution File, Format Version 12.00
# Visual Studio Version 16
VisualStudioVersion = 16.0.29521.150
MinimumVisualStudioVersion = 10.0.40219.1
Project("{FAE04EC0-301F-11D3-BF4B-00C04F79EFBC}") = "ReportX", "ReportX\ReportX.csproj", "{50B8D886-BFC5-4888-B643-90F2B63350C0}"
EndProject
Project("{FAE04EC0-301F-11D3-BF4B-00C04F79EFBC}") = "ReportXTests2", "ReportXTests2\ReportXTests2.csproj", "{647E368D-F5EF-4B70-8EE9-C57F0FBEEA50}"
EndProject
Project("{2150E333-8FDC-42A3-9474-1A3956D46DE8}") = "Solution Items", "Solution Items", "{7098C19C-6203-4F02-87CC-49C21670B9AD}"
	ProjectSection(SolutionItems) = preProject
		.gitignore = .gitignore
		Readme.md = Readme.md
	EndProjectSection
EndProject
Global
	GlobalSection(SolutionConfigurationPlatforms) = preSolution
		Debug|Any CPU = Debug|Any CPU
		Release|Any CPU = Release|Any CPU
	EndGlobalSection
	GlobalSection(ProjectConfigurationPlatforms) = postSolution
		{50B8D886-BFC5-4888-B643-90F2B63350C0}.Debug|Any CPU.ActiveCfg = Debug|Any CPU
		{50B8D886-BFC5-4888-B643-90F2B63350C0}.Debug|Any CPU.Build.0 = Debug|Any CPU
		{50B8D886-BFC5-4888-B643-90F2B63350C0}.Release|Any CPU.ActiveCfg = Release|Any CPU
		{50B8D886-BFC5-4888-B643-90F2B63350C0}.Release|Any CPU.Build.0 = Release|Any CPU
		{647E368D-F5EF-4B70-8EE9-C57F0FBEEA50}.Debug|Any CPU.ActiveCfg = Debug|Any CPU
		{647E368D-F5EF-4B70-8EE9-C57F0FBEEA50}.Debug|Any CPU.Build.0 = Debug|Any CPU
		{647E368D-F5EF-4B70-8EE9-C57F0FBEEA50}.Release|Any CPU.ActiveCfg = Release|Any CPU
		{647E368D-F5EF-4B70-8EE9-C57F0FBEEA50}.Release|Any CPU.Build.0 = Release|Any CPU
	EndGlobalSection
	GlobalSection(SolutionProperties) = preSolution
		HideSolutionNode = FALSE
	EndGlobalSection
	GlobalSection(ExtensibilityGlobals) = postSolution
		SolutionGuid = {6C55CB1B-CF4C-48F6-BA99-7BD61A654415}
	EndGlobalSection
EndGlobal
